
Microsoft Visual Studio Solution File, Format Version 12.00
# Visual Studio Version 17
VisualStudioVersion = 17.0.31903.59
MinimumVisualStudioVersion = 10.0.40219.1
Project("{2150E333-8FDC-42A3-9474-1A3956D46DE8}") = "src", "src", "{90C7B192-CDEE-439A-B524-8056B9BFD250}"
EndProject
Project("{FAE04EC0-301F-11D3-BF4B-00C04F79EFBC}") = "AuctionService", "src\AuctionService\AuctionService.csproj", "{7874A475-5ADB-40BA-A54E-6D61F64260D7}"
EndProject
Project("{FAE04EC0-301F-11D3-BF4B-00C04F79EFBC}") = "SearchService", "src\SearchService\SearchService.csproj", "{AC1C23B2-D696-4F11-B3BB-4C58B7DEBC1D}"
EndProject
Project("{FAE04EC0-301F-11D3-BF4B-00C04F79EFBC}") = "Contracts", "src\Contracts\Contracts.csproj", "{E148B699-F8C2-4297-9305-DF1515C13AE4}"
EndProject
Global
	GlobalSection(SolutionConfigurationPlatforms) = preSolution
		Debug|Any CPU = Debug|Any CPU
		Release|Any CPU = Release|Any CPU
	EndGlobalSection
	GlobalSection(SolutionProperties) = preSolution
		HideSolutionNode = FALSE
	EndGlobalSection
	GlobalSection(ProjectConfigurationPlatforms) = postSolution
		{7874A475-5ADB-40BA-A54E-6D61F64260D7}.Debug|Any CPU.ActiveCfg = Debug|Any CPU
		{7874A475-5ADB-40BA-A54E-6D61F64260D7}.Debug|Any CPU.Build.0 = Debug|Any CPU
		{7874A475-5ADB-40BA-A54E-6D61F64260D7}.Release|Any CPU.ActiveCfg = Release|Any CPU
		{7874A475-5ADB-40BA-A54E-6D61F64260D7}.Release|Any CPU.Build.0 = Release|Any CPU
		{AC1C23B2-D696-4F11-B3BB-4C58B7DEBC1D}.Debug|Any CPU.ActiveCfg = Debug|Any CPU
		{AC1C23B2-D696-4F11-B3BB-4C58B7DEBC1D}.Debug|Any CPU.Build.0 = Debug|Any CPU
		{AC1C23B2-D696-4F11-B3BB-4C58B7DEBC1D}.Release|Any CPU.ActiveCfg = Release|Any CPU
		{AC1C23B2-D696-4F11-B3BB-4C58B7DEBC1D}.Release|Any CPU.Build.0 = Release|Any CPU
		{E148B699-F8C2-4297-9305-DF1515C13AE4}.Debug|Any CPU.ActiveCfg = Debug|Any CPU
		{E148B699-F8C2-4297-9305-DF1515C13AE4}.Debug|Any CPU.Build.0 = Debug|Any CPU
		{E148B699-F8C2-4297-9305-DF1515C13AE4}.Release|Any CPU.ActiveCfg = Release|Any CPU
		{E148B699-F8C2-4297-9305-DF1515C13AE4}.Release|Any CPU.Build.0 = Release|Any CPU
	EndGlobalSection
	GlobalSection(NestedProjects) = preSolution
		{7874A475-5ADB-40BA-A54E-6D61F64260D7} = {90C7B192-CDEE-439A-B524-8056B9BFD250}
		{AC1C23B2-D696-4F11-B3BB-4C58B7DEBC1D} = {90C7B192-CDEE-439A-B524-8056B9BFD250}
		{E148B699-F8C2-4297-9305-DF1515C13AE4} = {90C7B192-CDEE-439A-B524-8056B9BFD250}
	EndGlobalSection
EndGlobal
